{
    "requires": true,
    "lockfileVersion": 1,
    "dependencies": {
        "@maileryio/widget-link-assets": {
            "version": "git+ssh://git@github.com/maileryio/widget-link-assets.git#48a69d81ed4578f131049c1344e4a61dd3cd5881",
            "from": "git+ssh://git@github.com/maileryio/widget-link-assets.git#master",
            "requires": {
                "vue": "^2.6.11"
            }
        },
        "vue": {
            "version": "2.6.11",
            "resolved": "https://registry.npmjs.org/vue/-/vue-2.6.11.tgz",
            "integrity": "sha512-VfPwgcGABbGAue9+sfrD4PuwFar7gPb1yl1UK1MwXoQPAw0BKSqWfoYCT/ThFrdEVWoI51dBuyCoiNU9bZDZxQ=="
        }
    }
}
