{
    "name": "yii-widget-link",
    "version": "1.0.0",
    "lockfileVersion": 1,
    "requires": true,
    "dependencies": {
        "@maileryio/vue-widget-link": {
            "version": "1.0.0",
            "resolved": "https://registry.npmjs.org/@maileryio/vue-widget-link/-/vue-widget-link-1.0.0.tgz",
            "integrity": "sha512-v6uYctHdArOxDTqbNNkFiS7Kvw/4ng++GONI5v6fUymPeS27sv+e+d4FQqo7FiO7MfRs7AyVUPl3y91IYkDe3g=="
        }
    }
}
